
Microsoft Visual Studio Solution File, Format Version 12.00
# Visual Studio Version 16
VisualStudioVersion = 16.0.29215.179
MinimumVisualStudioVersion = 10.0.40219.1
Project("{FAE04EC0-301F-11D3-BF4B-00C04F79EFBC}") = "TryInkCanvas", "TryInkCanvas\TryInkCanvas.csproj", "{0EA1A398-BDF7-407F-BE9E-875E83C8263D}"
EndProject
Project("{FAE04EC0-301F-11D3-BF4B-00C04F79EFBC}") = "TryXamlIsland", "TryXamlIsland\TryXamlIsland.csproj", "{7812498F-42B6-455A-8458-5C2751EE87D2}"
EndProject
Global
	GlobalSection(SolutionConfigurationPlatforms) = preSolution
		Debug|Any CPU = Debug|Any CPU
		Release|Any CPU = Release|Any CPU
	EndGlobalSection
	GlobalSection(ProjectConfigurationPlatforms) = postSolution
		{0EA1A398-BDF7-407F-BE9E-875E83C8263D}.Debug|Any CPU.ActiveCfg = Debug|Any CPU
		{0EA1A398-BDF7-407F-BE9E-875E83C8263D}.Debug|Any CPU.Build.0 = Debug|Any CPU
		{0EA1A398-BDF7-407F-BE9E-875E83C8263D}.Release|Any CPU.ActiveCfg = Release|Any CPU
		{0EA1A398-BDF7-407F-BE9E-875E83C8263D}.Release|Any CPU.Build.0 = Release|Any CPU
		{7812498F-42B6-455A-8458-5C2751EE87D2}.Debug|Any CPU.ActiveCfg = Debug|Any CPU
		{7812498F-42B6-455A-8458-5C2751EE87D2}.Debug|Any CPU.Build.0 = Debug|Any CPU
		{7812498F-42B6-455A-8458-5C2751EE87D2}.Release|Any CPU.ActiveCfg = Release|Any CPU
		{7812498F-42B6-455A-8458-5C2751EE87D2}.Release|Any CPU.Build.0 = Release|Any CPU
	EndGlobalSection
	GlobalSection(SolutionProperties) = preSolution
		HideSolutionNode = FALSE
	EndGlobalSection
	GlobalSection(ExtensibilityGlobals) = postSolution
		SolutionGuid = {C50DEBF4-F4EB-4880-A026-5EF029CC8B52}
	EndGlobalSection
EndGlobal
